
Microsoft Visual Studio Solution File, Format Version 12.00
# Visual Studio Version 17
VisualStudioVersion = 17.8.34330.188
MinimumVisualStudioVersion = 10.0.40219.1
Project("{9A19103F-16F7-4668-BE54-9A1E7A4F7556}") = "Task 1.5.2-1.5.3", "Task 1.5.2-1.5.3.csproj", "{6EE20470-A840-4C27-857E-A08B29EAD34F}"
EndProject
Global
	GlobalSection(SolutionConfigurationPlatforms) = preSolution
		Debug|Any CPU = Debug|Any CPU
		Release|Any CPU = Release|Any CPU
	EndGlobalSection
	GlobalSection(ProjectConfigurationPlatforms) = postSolution
		{6EE20470-A840-4C27-857E-A08B29EAD34F}.Debug|Any CPU.ActiveCfg = Debug|Any CPU
		{6EE20470-A840-4C27-857E-A08B29EAD34F}.Debug|Any CPU.Build.0 = Debug|Any CPU
		{6EE20470-A840-4C27-857E-A08B29EAD34F}.Release|Any CPU.ActiveCfg = Release|Any CPU
		{6EE20470-A840-4C27-857E-A08B29EAD34F}.Release|Any CPU.Build.0 = Release|Any CPU
	EndGlobalSection
	GlobalSection(SolutionProperties) = preSolution
		HideSolutionNode = FALSE
	EndGlobalSection
	GlobalSection(ExtensibilityGlobals) = postSolution
		SolutionGuid = {FABCE750-0E20-469C-B570-43D02996D620}
	EndGlobalSection
EndGlobal
